PODS:
  - MMSCameraViewController (1.4.0)
  - MMSProfileImagePicker (1.5.1):
    - MMSCameraViewController (~> 1.4.0)

DEPENDENCIES:
  - MMSProfileImagePicker (from `../`)

SPEC REPOS:
  https://github.com/cocoapods/specs.git:
    - MMSCameraViewController

EXTERNAL SOURCES:
  MMSProfileImagePicker:
    :path: "../"

SPEC CHECKSUMS:
  MMSCameraViewController: 2f854543eeba7c0f9824249bda47732d8fd51968
  MMSProfileImagePicker: 1d8e476f18d65db0249917812a8d8a94360e94ef

PODFILE CHECKSUM: 261da17fc507f500f121769c0ffb7e5909757507

COCOAPODS: 1.6.0
